
Microsoft Visual Studio Solution File, Format Version 12.00
# Visual Studio Version 17
VisualStudioVersion = 17.0.31903.59
MinimumVisualStudioVersion = 10.0.40219.1
Project("{2150E333-8FDC-42A3-9474-1A3956D46DE8}") = "src", "src", "{827E0CD3-B72D-47B6-A68D-7590B98EB39B}"
EndProject
Project("{FAE04EC0-301F-11D3-BF4B-00C04F79EFBC}") = "Fluent.Brighter", "src\Fluent.Brighter\Fluent.Brighter.csproj", "{EE2805E2-3F09-4520-A146-499B4B3482CD}"
EndProject
Project("{FAE04EC0-301F-11D3-BF4B-00C04F79EFBC}") = "Fluent.Brighter.AWS", "src\Fluent.Brighter.AWS\Fluent.Brighter.AWS.csproj", "{787F57FC-2287-485D-9288-D2623F112A48}"
EndProject
Project("{FAE04EC0-301F-11D3-BF4B-00C04F79EFBC}") = "Fluent.Brighter.RMQ.Sync", "src\Fluent.Brighter.RMQ.Sync\Fluent.Brighter.RMQ.Sync.csproj", "{FF9EB18C-4212-4458-A562-115B03D081F2}"
EndProject
Project("{2150E333-8FDC-42A3-9474-1A3956D46DE8}") = "samples", "samples", "{5D20AA90-6969-D8BD-9DCD-8634F4692FDA}"
EndProject
Project("{FAE04EC0-301F-11D3-BF4B-00C04F79EFBC}") = "RmqTaskQueue", "samples\RmqTaskQueue\RmqTaskQueue.csproj", "{7B8BB45D-B353-49E9-8849-8AFD78D6402E}"
EndProject
Project("{2150E333-8FDC-42A3-9474-1A3956D46DE8}") = "tests", "tests", "{0AB3BF05-4346-4AA6-1389-037BE0695223}"
EndProject
Project("{FAE04EC0-301F-11D3-BF4B-00C04F79EFBC}") = "Fluent.Brighter.RMQ.Async", "src\Fluent.Brighter.RMQ.Async\Fluent.Brighter.RMQ.Async.csproj", "{F1BF8A36-9339-43DC-B7AC-73A717508687}"
EndProject
Project("{FAE04EC0-301F-11D3-BF4B-00C04F79EFBC}") = "Fluent.Brighter.Postgres", "src\Fluent.Brighter.Postgres\Fluent.Brighter.Postgres.csproj", "{E89FC07E-1BF0-4210-873E-D6C7F893CFA0}"
EndProject
Project("{FAE04EC0-301F-11D3-BF4B-00C04F79EFBC}") = "Fluent.Brighter.MySql", "src\Fluent.Brighter.MySql\Fluent.Brighter.MySql.csproj", "{B7C8DB9F-32F0-47B2-BC95-B3B2C840AC78}"
EndProject
Project("{FAE04EC0-301F-11D3-BF4B-00C04F79EFBC}") = "Fluent.Brighter.Sqlite", "src\Fluent.Brighter.Sqlite\Fluent.Brighter.Sqlite.csproj", "{25F5CE68-A484-4392-9C7C-313A80EF83A6}"
EndProject
Project("{FAE04EC0-301F-11D3-BF4B-00C04F79EFBC}") = "Fluent.Brighter.MongoDb", "src\Fluent.Brighter.MongoDb\Fluent.Brighter.MongoDb.csproj", "{4A9A06CD-8B4B-48A5-9949-484C432FB373}"
EndProject
Project("{FAE04EC0-301F-11D3-BF4B-00C04F79EFBC}") = "PostgreFullSample", "samples\PostgreFullSample\PostgreFullSample.csproj", "{5F699682-1787-4E3D-AB7D-118FAEB67922}"
EndProject
Project("{FAE04EC0-301F-11D3-BF4B-00C04F79EFBC}") = "Fluent.Brighter.Kafka", "src\Fluent.Brighter.Kafka\Fluent.Brighter.Kafka.csproj", "{286CBCE8-1F51-4DFD-8398-09D82C34C442}"
EndProject
Project("{FAE04EC0-301F-11D3-BF4B-00C04F79EFBC}") = "AwsTaskQueue", "samples\AwsTaskQueue\AwsTaskQueue.csproj", "{D594EC21-8AE7-4589-831F-53CB8783FC4D}"
EndProject
Project("{FAE04EC0-301F-11D3-BF4B-00C04F79EFBC}") = "Fluent.Brighter.AWS.V4", "src\Fluent.Brighter.AWS.V4\Fluent.Brighter.AWS.V4.csproj", "{A0DB7764-85DE-4CDE-9E41-C6688FBD2565}"
EndProject
Project("{FAE04EC0-301F-11D3-BF4B-00C04F79EFBC}") = "Fluent.Brighter.RocketMQ", "src\Fluent.Brighter.RocketMQ\Fluent.Brighter.RocketMQ.csproj", "{11DB94EE-BC53-47E8-B32A-8A402DDFEA38}"
EndProject
Project("{FAE04EC0-301F-11D3-BF4B-00C04F79EFBC}") = "RocketMqSample", "samples\RocketMqSample\RocketMqSample.csproj", "{C76F5EA3-FD1C-4F5B-8E46-A5AEFC3417E0}"
EndProject
Project("{FAE04EC0-301F-11D3-BF4B-00C04F79EFBC}") = "KafkaSample", "samples\KafkaSample\KafkaSample.csproj", "{2CEFB9CA-306F-4DE7-B5CB-CD068977B4B9}"
EndProject
Project("{FAE04EC0-301F-11D3-BF4B-00C04F79EFBC}") = "MongoDbSample", "samples\MongoDbSample\MongoDbSample.csproj", "{523946F8-241E-4DF6-92A3-875B1DDCDF39}"
EndProject
Project("{FAE04EC0-301F-11D3-BF4B-00C04F79EFBC}") = "Fluent.Brighter.SqlServer", "src\Fluent.Brighter.SqlServer\Fluent.Brighter.SqlServer.csproj", "{1BBDF3C1-F4FF-404E-A5A9-6E3A743280BF}"
EndProject
Project("{FAE04EC0-301F-11D3-BF4B-00C04F79EFBC}") = "SqlServerSample", "samples\SqlServerSample\SqlServerSample.csproj", "{7DB6D8C1-5EDE-4EF1-953B-515C26164F9C}"
EndProject
Project("{FAE04EC0-301F-11D3-BF4B-00C04F79EFBC}") = "Fluent.Brighter.Redis", "src\Fluent.Brighter.Redis\Fluent.Brighter.Redis.csproj", "{8DC14D04-F8D0-41CB-8964-B75257CEFE68}"
EndProject
Project("{FAE04EC0-301F-11D3-BF4B-00C04F79EFBC}") = "RedisSample", "samples\RedisSample\RedisSample.csproj", "{5CA1F284-5C44-44DF-B5EB-3008A4CBD52F}"
EndProject
Global
	GlobalSection(SolutionConfigurationPlatforms) = preSolution
		Debug|Any CPU = Debug|Any CPU
		Debug|x64 = Debug|x64
		Debug|x86 = Debug|x86
		Release|Any CPU = Release|Any CPU
		Release|x64 = Release|x64
		Release|x86 = Release|x86
	EndGlobalSection
	GlobalSection(ProjectConfigurationPlatforms) = postSolution
		{EE2805E2-3F09-4520-A146-499B4B3482CD}.Debug|Any CPU.ActiveCfg = Debug|Any CPU
		{EE2805E2-3F09-4520-A146-499B4B3482CD}.Debug|Any CPU.Build.0 = Debug|Any CPU
		{EE2805E2-3F09-4520-A146-499B4B3482CD}.Debug|x64.ActiveCfg = Debug|Any CPU
		{EE2805E2-3F09-4520-A146-499B4B3482CD}.Debug|x64.Build.0 = Debug|Any CPU
		{EE2805E2-3F09-4520-A146-499B4B3482CD}.Debug|x86.ActiveCfg = Debug|Any CPU
		{EE2805E2-3F09-4520-A146-499B4B3482CD}.Debug|x86.Build.0 = Debug|Any CPU
		{EE2805E2-3F09-4520-A146-499B4B3482CD}.Release|Any CPU.ActiveCfg = Release|Any CPU
		{EE2805E2-3F09-4520-A146-499B4B3482CD}.Release|Any CPU.Build.0 = Release|Any CPU
		{EE2805E2-3F09-4520-A146-499B4B3482CD}.Release|x64.ActiveCfg = Release|Any CPU
		{EE2805E2-3F09-4520-A146-499B4B3482CD}.Release|x64.Build.0 = Release|Any CPU
		{EE2805E2-3F09-4520-A146-499B4B3482CD}.Release|x86.ActiveCfg = Release|Any CPU
		{EE2805E2-3F09-4520-A146-499B4B3482CD}.Release|x86.Build.0 = Release|Any CPU
		{787F57FC-2287-485D-9288-D2623F112A48}.Debug|Any CPU.ActiveCfg = Debug|Any CPU
		{787F57FC-2287-485D-9288-D2623F112A48}.Debug|Any CPU.Build.0 = Debug|Any CPU
		{787F57FC-2287-485D-9288-D2623F112A48}.Debug|x64.ActiveCfg = Debug|Any CPU
		{787F57FC-2287-485D-9288-D2623F112A48}.Debug|x64.Build.0 = Debug|Any CPU
		{787F57FC-2287-485D-9288-D2623F112A48}.Debug|x86.ActiveCfg = Debug|Any CPU
		{787F57FC-2287-485D-9288-D2623F112A48}.Debug|x86.Build.0 = Debug|Any CPU
		{787F57FC-2287-485D-9288-D2623F112A48}.Release|Any CPU.ActiveCfg = Release|Any CPU
		{787F57FC-2287-485D-9288-D2623F112A48}.Release|Any CPU.Build.0 = Release|Any CPU
		{787F57FC-2287-485D-9288-D2623F112A48}.Release|x64.ActiveCfg = Release|Any CPU
		{787F57FC-2287-485D-9288-D2623F112A48}.Release|x64.Build.0 = Release|Any CPU
		{787F57FC-2287-485D-9288-D2623F112A48}.Release|x86.ActiveCfg = Release|Any CPU
		{787F57FC-2287-485D-9288-D2623F112A48}.Release|x86.Build.0 = Release|Any CPU
		{FF9EB18C-4212-4458-A562-115B03D081F2}.Debug|Any CPU.ActiveCfg = Debug|Any CPU
		{FF9EB18C-4212-4458-A562-115B03D081F2}.Debug|Any CPU.Build.0 = Debug|Any CPU
		{FF9EB18C-4212-4458-A562-115B03D081F2}.Debug|x64.ActiveCfg = Debug|Any CPU
		{FF9EB18C-4212-4458-A562-115B03D081F2}.Debug|x64.Build.0 = Debug|Any CPU
		{FF9EB18C-4212-4458-A562-115B03D081F2}.Debug|x86.ActiveCfg = Debug|Any CPU
		{FF9EB18C-4212-4458-A562-115B03D081F2}.Debug|x86.Build.0 = Debug|Any CPU
		{FF9EB18C-4212-4458-A562-115B03D081F2}.Release|Any CPU.ActiveCfg = Release|Any CPU
		{FF9EB18C-4212-4458-A562-115B03D081F2}.Release|Any CPU.Build.0 = Release|Any CPU
		{FF9EB18C-4212-4458-A562-115B03D081F2}.Release|x64.ActiveCfg = Release|Any CPU
		{FF9EB18C-4212-4458-A562-115B03D081F2}.Release|x64.Build.0 = Release|Any CPU
		{FF9EB18C-4212-4458-A562-115B03D081F2}.Release|x86.ActiveCfg = Release|Any CPU
		{FF9EB18C-4212-4458-A562-115B03D081F2}.Release|x86.Build.0 = Release|Any CPU
		{7B8BB45D-B353-49E9-8849-8AFD78D6402E}.Debug|Any CPU.ActiveCfg = Debug|Any CPU
		{7B8BB45D-B353-49E9-8849-8AFD78D6402E}.Debug|Any CPU.Build.0 = Debug|Any CPU
		{7B8BB45D-B353-49E9-8849-8AFD78D6402E}.Debug|x64.ActiveCfg = Debug|Any CPU
		{7B8BB45D-B353-49E9-8849-8AFD78D6402E}.Debug|x64.Build.0 = Debug|Any CPU
		{7B8BB45D-B353-49E9-8849-8AFD78D6402E}.Debug|x86.ActiveCfg = Debug|Any CPU
		{7B8BB45D-B353-49E9-8849-8AFD78D6402E}.Debug|x86.Build.0 = Debug|Any CPU
		{7B8BB45D-B353-49E9-8849-8AFD78D6402E}.Release|Any CPU.ActiveCfg = Release|Any CPU
		{7B8BB45D-B353-49E9-8849-8AFD78D6402E}.Release|Any CPU.Build.0 = Release|Any CPU
		{7B8BB45D-B353-49E9-8849-8AFD78D6402E}.Release|x64.ActiveCfg = Release|Any CPU
		{7B8BB45D-B353-49E9-8849-8AFD78D6402E}.Release|x64.Build.0 = Release|Any CPU
		{7B8BB45D-B353-49E9-8849-8AFD78D6402E}.Release|x86.ActiveCfg = Release|Any CPU
		{7B8BB45D-B353-49E9-8849-8AFD78D6402E}.Release|x86.Build.0 = Release|Any CPU
		{F1BF8A36-9339-43DC-B7AC-73A717508687}.Debug|Any CPU.ActiveCfg = Debug|Any CPU
		{F1BF8A36-9339-43DC-B7AC-73A717508687}.Debug|Any CPU.Build.0 = Debug|Any CPU
		{F1BF8A36-9339-43DC-B7AC-73A717508687}.Debug|x64.ActiveCfg = Debug|Any CPU
		{F1BF8A36-9339-43DC-B7AC-73A717508687}.Debug|x64.Build.0 = Debug|Any CPU
		{F1BF8A36-9339-43DC-B7AC-73A717508687}.Debug|x86.ActiveCfg = Debug|Any CPU
		{F1BF8A36-9339-43DC-B7AC-73A717508687}.Debug|x86.Build.0 = Debug|Any CPU
		{F1BF8A36-9339-43DC-B7AC-73A717508687}.Release|Any CPU.ActiveCfg = Release|Any CPU
		{F1BF8A36-9339-43DC-B7AC-73A717508687}.Release|Any CPU.Build.0 = Release|Any CPU
		{F1BF8A36-9339-43DC-B7AC-73A717508687}.Release|x64.ActiveCfg = Release|Any CPU
		{F1BF8A36-9339-43DC-B7AC-73A717508687}.Release|x64.Build.0 = Release|Any CPU
		{F1BF8A36-9339-43DC-B7AC-73A717508687}.Release|x86.ActiveCfg = Release|Any CPU
		{F1BF8A36-9339-43DC-B7AC-73A717508687}.Release|x86.Build.0 = Release|Any CPU
		{E89FC07E-1BF0-4210-873E-D6C7F893CFA0}.Debug|Any CPU.ActiveCfg = Debug|Any CPU
		{E89FC07E-1BF0-4210-873E-D6C7F893CFA0}.Debug|Any CPU.Build.0 = Debug|Any CPU
		{E89FC07E-1BF0-4210-873E-D6C7F893CFA0}.Debug|x64.ActiveCfg = Debug|Any CPU
		{E89FC07E-1BF0-4210-873E-D6C7F893CFA0}.Debug|x64.Build.0 = Debug|Any CPU
		{E89FC07E-1BF0-4210-873E-D6C7F893CFA0}.Debug|x86.ActiveCfg = Debug|Any CPU
		{E89FC07E-1BF0-4210-873E-D6C7F893CFA0}.Debug|x86.Build.0 = Debug|Any CPU
		{E89FC07E-1BF0-4210-873E-D6C7F893CFA0}.Release|Any CPU.ActiveCfg = Release|Any CPU
		{E89FC07E-1BF0-4210-873E-D6C7F893CFA0}.Release|Any CPU.Build.0 = Release|Any CPU
		{E89FC07E-1BF0-4210-873E-D6C7F893CFA0}.Release|x64.ActiveCfg = Release|Any CPU
		{E89FC07E-1BF0-4210-873E-D6C7F893CFA0}.Release|x64.Build.0 = Release|Any CPU
		{E89FC07E-1BF0-4210-873E-D6C7F893CFA0}.Release|x86.ActiveCfg = Release|Any CPU
		{E89FC07E-1BF0-4210-873E-D6C7F893CFA0}.Release|x86.Build.0 = Release|Any CPU
		{B7C8DB9F-32F0-47B2-BC95-B3B2C840AC78}.Debug|Any CPU.ActiveCfg = Debug|Any CPU
		{B7C8DB9F-32F0-47B2-BC95-B3B2C840AC78}.Debug|Any CPU.Build.0 = Debug|Any CPU
		{B7C8DB9F-32F0-47B2-BC95-B3B2C840AC78}.Debug|x64.ActiveCfg = Debug|Any CPU
		{B7C8DB9F-32F0-47B2-BC95-B3B2C840AC78}.Debug|x64.Build.0 = Debug|Any CPU
		{B7C8DB9F-32F0-47B2-BC95-B3B2C840AC78}.Debug|x86.ActiveCfg = Debug|Any CPU
		{B7C8DB9F-32F0-47B2-BC95-B3B2C840AC78}.Debug|x86.Build.0 = Debug|Any CPU
		{B7C8DB9F-32F0-47B2-BC95-B3B2C840AC78}.Release|Any CPU.ActiveCfg = Release|Any CPU
		{B7C8DB9F-32F0-47B2-BC95-B3B2C840AC78}.Release|Any CPU.Build.0 = Release|Any CPU
		{B7C8DB9F-32F0-47B2-BC95-B3B2C840AC78}.Release|x64.ActiveCfg = Release|Any CPU
		{B7C8DB9F-32F0-47B2-BC95-B3B2C840AC78}.Release|x64.Build.0 = Release|Any CPU
		{B7C8DB9F-32F0-47B2-BC95-B3B2C840AC78}.Release|x86.ActiveCfg = Release|Any CPU
		{B7C8DB9F-32F0-47B2-BC95-B3B2C840AC78}.Release|x86.Build.0 = Release|Any CPU
		{25F5CE68-A484-4392-9C7C-313A80EF83A6}.Debug|Any CPU.ActiveCfg = Debug|Any CPU
		{25F5CE68-A484-4392-9C7C-313A80EF83A6}.Debug|Any CPU.Build.0 = Debug|Any CPU
		{25F5CE68-A484-4392-9C7C-313A80EF83A6}.Debug|x64.ActiveCfg = Debug|Any CPU
		{25F5CE68-A484-4392-9C7C-313A80EF83A6}.Debug|x64.Build.0 = Debug|Any CPU
		{25F5CE68-A484-4392-9C7C-313A80EF83A6}.Debug|x86.ActiveCfg = Debug|Any CPU
		{25F5CE68-A484-4392-9C7C-313A80EF83A6}.Debug|x86.Build.0 = Debug|Any CPU
		{25F5CE68-A484-4392-9C7C-313A80EF83A6}.Release|Any CPU.ActiveCfg = Release|Any CPU
		{25F5CE68-A484-4392-9C7C-313A80EF83A6}.Release|Any CPU.Build.0 = Release|Any CPU
		{25F5CE68-A484-4392-9C7C-313A80EF83A6}.Release|x64.ActiveCfg = Release|Any CPU
		{25F5CE68-A484-4392-9C7C-313A80EF83A6}.Release|x64.Build.0 = Release|Any CPU
		{25F5CE68-A484-4392-9C7C-313A80EF83A6}.Release|x86.ActiveCfg = Release|Any CPU
		{25F5CE68-A484-4392-9C7C-313A80EF83A6}.Release|x86.Build.0 = Release|Any CPU
		{4A9A06CD-8B4B-48A5-9949-484C432FB373}.Debug|Any CPU.ActiveCfg = Debug|Any CPU
		{4A9A06CD-8B4B-48A5-9949-484C432FB373}.Debug|Any CPU.Build.0 = Debug|Any CPU
		{4A9A06CD-8B4B-48A5-9949-484C432FB373}.Debug|x64.ActiveCfg = Debug|Any CPU
		{4A9A06CD-8B4B-48A5-9949-484C432FB373}.Debug|x64.Build.0 = Debug|Any CPU
		{4A9A06CD-8B4B-48A5-9949-484C432FB373}.Debug|x86.ActiveCfg = Debug|Any CPU
		{4A9A06CD-8B4B-48A5-9949-484C432FB373}.Debug|x86.Build.0 = Debug|Any CPU
		{4A9A06CD-8B4B-48A5-9949-484C432FB373}.Release|Any CPU.ActiveCfg = Release|Any CPU
		{4A9A06CD-8B4B-48A5-9949-484C432FB373}.Release|Any CPU.Build.0 = Release|Any CPU
		{4A9A06CD-8B4B-48A5-9949-484C432FB373}.Release|x64.ActiveCfg = Release|Any CPU
		{4A9A06CD-8B4B-48A5-9949-484C432FB373}.Release|x64.Build.0 = Release|Any CPU
		{4A9A06CD-8B4B-48A5-9949-484C432FB373}.Release|x86.ActiveCfg = Release|Any CPU
		{4A9A06CD-8B4B-48A5-9949-484C432FB373}.Release|x86.Build.0 = Release|Any CPU
		{5F699682-1787-4E3D-AB7D-118FAEB67922}.Debug|Any CPU.ActiveCfg = Debug|Any CPU
		{5F699682-1787-4E3D-AB7D-118FAEB67922}.Debug|Any CPU.Build.0 = Debug|Any CPU
		{5F699682-1787-4E3D-AB7D-118FAEB67922}.Debug|x64.ActiveCfg = Debug|Any CPU
		{5F699682-1787-4E3D-AB7D-118FAEB67922}.Debug|x64.Build.0 = Debug|Any CPU
		{5F699682-1787-4E3D-AB7D-118FAEB67922}.Debug|x86.ActiveCfg = Debug|Any CPU
		{5F699682-1787-4E3D-AB7D-118FAEB67922}.Debug|x86.Build.0 = Debug|Any CPU
		{5F699682-1787-4E3D-AB7D-118FAEB67922}.Release|Any CPU.ActiveCfg = Release|Any CPU
		{5F699682-1787-4E3D-AB7D-118FAEB67922}.Release|Any CPU.Build.0 = Release|Any CPU
		{5F699682-1787-4E3D-AB7D-118FAEB67922}.Release|x64.ActiveCfg = Release|Any CPU
		{5F699682-1787-4E3D-AB7D-118FAEB67922}.Release|x64.Build.0 = Release|Any CPU
		{5F699682-1787-4E3D-AB7D-118FAEB67922}.Release|x86.ActiveCfg = Release|Any CPU
		{5F699682-1787-4E3D-AB7D-118FAEB67922}.Release|x86.Build.0 = Release|Any CPU
		{286CBCE8-1F51-4DFD-8398-09D82C34C442}.Debug|Any CPU.ActiveCfg = Debug|Any CPU
		{286CBCE8-1F51-4DFD-8398-09D82C34C442}.Debug|Any CPU.Build.0 = Debug|Any CPU
		{286CBCE8-1F51-4DFD-8398-09D82C34C442}.Debug|x64.ActiveCfg = Debug|Any CPU
		{286CBCE8-1F51-4DFD-8398-09D82C34C442}.Debug|x64.Build.0 = Debug|Any CPU
		{286CBCE8-1F51-4DFD-8398-09D82C34C442}.Debug|x86.ActiveCfg = Debug|Any CPU
		{286CBCE8-1F51-4DFD-8398-09D82C34C442}.Debug|x86.Build.0 = Debug|Any CPU
		{286CBCE8-1F51-4DFD-8398-09D82C34C442}.Release|Any CPU.ActiveCfg = Release|Any CPU
		{286CBCE8-1F51-4DFD-8398-09D82C34C442}.Release|Any CPU.Build.0 = Release|Any CPU
		{286CBCE8-1F51-4DFD-8398-09D82C34C442}.Release|x64.ActiveCfg = Release|Any CPU
		{286CBCE8-1F51-4DFD-8398-09D82C34C442}.Release|x64.Build.0 = Release|Any CPU
		{286CBCE8-1F51-4DFD-8398-09D82C34C442}.Release|x86.ActiveCfg = Release|Any CPU
		{286CBCE8-1F51-4DFD-8398-09D82C34C442}.Release|x86.Build.0 = Release|Any CPU
		{D594EC21-8AE7-4589-831F-53CB8783FC4D}.Debug|Any CPU.ActiveCfg = Debug|Any CPU
		{D594EC21-8AE7-4589-831F-53CB8783FC4D}.Debug|Any CPU.Build.0 = Debug|Any CPU
		{D594EC21-8AE7-4589-831F-53CB8783FC4D}.Debug|x64.ActiveCfg = Debug|Any CPU
		{D594EC21-8AE7-4589-831F-53CB8783FC4D}.Debug|x64.Build.0 = Debug|Any CPU
		{D594EC21-8AE7-4589-831F-53CB8783FC4D}.Debug|x86.ActiveCfg = Debug|Any CPU
		{D594EC21-8AE7-4589-831F-53CB8783FC4D}.Debug|x86.Build.0 = Debug|Any CPU
		{D594EC21-8AE7-4589-831F-53CB8783FC4D}.Release|Any CPU.ActiveCfg = Release|Any CPU
		{D594EC21-8AE7-4589-831F-53CB8783FC4D}.Release|Any CPU.Build.0 = Release|Any CPU
		{D594EC21-8AE7-4589-831F-53CB8783FC4D}.Release|x64.ActiveCfg = Release|Any CPU
		{D594EC21-8AE7-4589-831F-53CB8783FC4D}.Release|x64.Build.0 = Release|Any CPU
		{D594EC21-8AE7-4589-831F-53CB8783FC4D}.Release|x86.ActiveCfg = Release|Any CPU
		{D594EC21-8AE7-4589-831F-53CB8783FC4D}.Release|x86.Build.0 = Release|Any CPU
		{A0DB7764-85DE-4CDE-9E41-C6688FBD2565}.Debug|Any CPU.ActiveCfg = Debug|Any CPU
		{A0DB7764-85DE-4CDE-9E41-C6688FBD2565}.Debug|Any CPU.Build.0 = Debug|Any CPU
		{A0DB7764-85DE-4CDE-9E41-C6688FBD2565}.Debug|x64.ActiveCfg = Debug|Any CPU
		{A0DB7764-85DE-4CDE-9E41-C6688FBD2565}.Debug|x64.Build.0 = Debug|Any CPU
		{A0DB7764-85DE-4CDE-9E41-C6688FBD2565}.Debug|x86.ActiveCfg = Debug|Any CPU
		{A0DB7764-85DE-4CDE-9E41-C6688FBD2565}.Debug|x86.Build.0 = Debug|Any CPU
		{A0DB7764-85DE-4CDE-9E41-C6688FBD2565}.Release|Any CPU.ActiveCfg = Release|Any CPU
		{A0DB7764-85DE-4CDE-9E41-C6688FBD2565}.Release|Any CPU.Build.0 = Release|Any CPU
		{A0DB7764-85DE-4CDE-9E41-C6688FBD2565}.Release|x64.ActiveCfg = Release|Any CPU
		{A0DB7764-85DE-4CDE-9E41-C6688FBD2565}.Release|x64.Build.0 = Release|Any CPU
		{A0DB7764-85DE-4CDE-9E41-C6688FBD2565}.Release|x86.ActiveCfg = Release|Any CPU
		{A0DB7764-85DE-4CDE-9E41-C6688FBD2565}.Release|x86.Build.0 = Release|Any CPU
		{11DB94EE-BC53-47E8-B32A-8A402DDFEA38}.Debug|Any CPU.ActiveCfg = Debug|Any CPU
		{11DB94EE-BC53-47E8-B32A-8A402DDFEA38}.Debug|Any CPU.Build.0 = Debug|Any CPU
		{11DB94EE-BC53-47E8-B32A-8A402DDFEA38}.Debug|x64.ActiveCfg = Debug|Any CPU
		{11DB94EE-BC53-47E8-B32A-8A402DDFEA38}.Debug|x64.Build.0 = Debug|Any CPU
		{11DB94EE-BC53-47E8-B32A-8A402DDFEA38}.Debug|x86.ActiveCfg = Debug|Any CPU
		{11DB94EE-BC53-47E8-B32A-8A402DDFEA38}.Debug|x86.Build.0 = Debug|Any CPU
		{11DB94EE-BC53-47E8-B32A-8A402DDFEA38}.Release|Any CPU.ActiveCfg = Release|Any CPU
		{11DB94EE-BC53-47E8-B32A-8A402DDFEA38}.Release|Any CPU.Build.0 = Release|Any CPU
		{11DB94EE-BC53-47E8-B32A-8A402DDFEA38}.Release|x64.ActiveCfg = Release|Any CPU
		{11DB94EE-BC53-47E8-B32A-8A402DDFEA38}.Release|x64.Build.0 = Release|Any CPU
		{11DB94EE-BC53-47E8-B32A-8A402DDFEA38}.Release|x86.ActiveCfg = Release|Any CPU
		{11DB94EE-BC53-47E8-B32A-8A402DDFEA38}.Release|x86.Build.0 = Release|Any CPU
		{C76F5EA3-FD1C-4F5B-8E46-A5AEFC3417E0}.Debug|Any CPU.ActiveCfg = Debug|Any CPU
		{C76F5EA3-FD1C-4F5B-8E46-A5AEFC3417E0}.Debug|Any CPU.Build.0 = Debug|Any CPU
		{C76F5EA3-FD1C-4F5B-8E46-A5AEFC3417E0}.Debug|x64.ActiveCfg = Debug|Any CPU
		{C76F5EA3-FD1C-4F5B-8E46-A5AEFC3417E0}.Debug|x64.Build.0 = Debug|Any CPU
		{C76F5EA3-FD1C-4F5B-8E46-A5AEFC3417E0}.Debug|x86.ActiveCfg = Debug|Any CPU
		{C76F5EA3-FD1C-4F5B-8E46-A5AEFC3417E0}.Debug|x86.Build.0 = Debug|Any CPU
		{C76F5EA3-FD1C-4F5B-8E46-A5AEFC3417E0}.Release|Any CPU.ActiveCfg = Release|Any CPU
		{C76F5EA3-FD1C-4F5B-8E46-A5AEFC3417E0}.Release|Any CPU.Build.0 = Release|Any CPU
		{C76F5EA3-FD1C-4F5B-8E46-A5AEFC3417E0}.Release|x64.ActiveCfg = Release|Any CPU
		{C76F5EA3-FD1C-4F5B-8E46-A5AEFC3417E0}.Release|x64.Build.0 = Release|Any CPU
		{C76F5EA3-FD1C-4F5B-8E46-A5AEFC3417E0}.Release|x86.ActiveCfg = Release|Any CPU
		{C76F5EA3-FD1C-4F5B-8E46-A5AEFC3417E0}.Release|x86.Build.0 = Release|Any CPU
		{2CEFB9CA-306F-4DE7-B5CB-CD068977B4B9}.Debug|Any CPU.ActiveCfg = Debug|Any CPU
		{2CEFB9CA-306F-4DE7-B5CB-CD068977B4B9}.Debug|Any CPU.Build.0 = Debug|Any CPU
		{2CEFB9CA-306F-4DE7-B5CB-CD068977B4B9}.Debug|x64.ActiveCfg = Debug|Any CPU
		{2CEFB9CA-306F-4DE7-B5CB-CD068977B4B9}.Debug|x64.Build.0 = Debug|Any CPU
		{2CEFB9CA-306F-4DE7-B5CB-CD068977B4B9}.Debug|x86.ActiveCfg = Debug|Any CPU
		{2CEFB9CA-306F-4DE7-B5CB-CD068977B4B9}.Debug|x86.Build.0 = Debug|Any CPU
		{2CEFB9CA-306F-4DE7-B5CB-CD068977B4B9}.Release|Any CPU.ActiveCfg = Release|Any CPU
		{2CEFB9CA-306F-4DE7-B5CB-CD068977B4B9}.Release|Any CPU.Build.0 = Release|Any CPU
		{2CEFB9CA-306F-4DE7-B5CB-CD068977B4B9}.Release|x64.ActiveCfg = Release|Any CPU
		{2CEFB9CA-306F-4DE7-B5CB-CD068977B4B9}.Release|x64.Build.0 = Release|Any CPU
		{2CEFB9CA-306F-4DE7-B5CB-CD068977B4B9}.Release|x86.ActiveCfg = Release|Any CPU
		{2CEFB9CA-306F-4DE7-B5CB-CD068977B4B9}.Release|x86.Build.0 = Release|Any CPU
		{523946F8-241E-4DF6-92A3-875B1DDCDF39}.Debug|Any CPU.ActiveCfg = Debug|Any CPU
		{523946F8-241E-4DF6-92A3-875B1DDCDF39}.Debug|Any CPU.Build.0 = Debug|Any CPU
		{523946F8-241E-4DF6-92A3-875B1DDCDF39}.Debug|x64.ActiveCfg = Debug|Any CPU
		{523946F8-241E-4DF6-92A3-875B1DDCDF39}.Debug|x64.Build.0 = Debug|Any CPU
		{523946F8-241E-4DF6-92A3-875B1DDCDF39}.Debug|x86.ActiveCfg = Debug|Any CPU
		{523946F8-241E-4DF6-92A3-875B1DDCDF39}.Debug|x86.Build.0 = Debug|Any CPU
		{523946F8-241E-4DF6-92A3-875B1DDCDF39}.Release|Any CPU.ActiveCfg = Release|Any CPU
		{523946F8-241E-4DF6-92A3-875B1DDCDF39}.Release|Any CPU.Build.0 = Release|Any CPU
		{523946F8-241E-4DF6-92A3-875B1DDCDF39}.Release|x64.ActiveCfg = Release|Any CPU
		{523946F8-241E-4DF6-92A3-875B1DDCDF39}.Release|x64.Build.0 = Release|Any CPU
		{523946F8-241E-4DF6-92A3-875B1DDCDF39}.Release|x86.ActiveCfg = Release|Any CPU
		{523946F8-241E-4DF6-92A3-875B1DDCDF39}.Release|x86.Build.0 = Release|Any CPU
		{1BBDF3C1-F4FF-404E-A5A9-6E3A743280BF}.Debug|Any CPU.ActiveCfg = Debug|Any CPU
		{1BBDF3C1-F4FF-404E-A5A9-6E3A743280BF}.Debug|Any CPU.Build.0 = Debug|Any CPU
		{1BBDF3C1-F4FF-404E-A5A9-6E3A743280BF}.Debug|x64.ActiveCfg = Debug|Any CPU
		{1BBDF3C1-F4FF-404E-A5A9-6E3A743280BF}.Debug|x64.Build.0 = Debug|Any CPU
		{1BBDF3C1-F4FF-404E-A5A9-6E3A743280BF}.Debug|x86.ActiveCfg = Debug|Any CPU
		{1BBDF3C1-F4FF-404E-A5A9-6E3A743280BF}.Debug|x86.Build.0 = Debug|Any CPU
		{1BBDF3C1-F4FF-404E-A5A9-6E3A743280BF}.Release|Any CPU.ActiveCfg = Release|Any CPU
		{1BBDF3C1-F4FF-404E-A5A9-6E3A743280BF}.Release|Any CPU.Build.0 = Release|Any CPU
		{1BBDF3C1-F4FF-404E-A5A9-6E3A743280BF}.Release|x64.ActiveCfg = Release|Any CPU
		{1BBDF3C1-F4FF-404E-A5A9-6E3A743280BF}.Release|x64.Build.0 = Release|Any CPU
		{1BBDF3C1-F4FF-404E-A5A9-6E3A743280BF}.Release|x86.ActiveCfg = Release|Any CPU
		{1BBDF3C1-F4FF-404E-A5A9-6E3A743280BF}.Release|x86.Build.0 = Release|Any CPU
		{7DB6D8C1-5EDE-4EF1-953B-515C26164F9C}.Debug|Any CPU.ActiveCfg = Debug|Any CPU
		{7DB6D8C1-5EDE-4EF1-953B-515C26164F9C}.Debug|Any CPU.Build.0 = Debug|Any CPU
		{7DB6D8C1-5EDE-4EF1-953B-515C26164F9C}.Debug|x64.ActiveCfg = Debug|Any CPU
		{7DB6D8C1-5EDE-4EF1-953B-515C26164F9C}.Debug|x64.Build.0 = Debug|Any CPU
		{7DB6D8C1-5EDE-4EF1-953B-515C26164F9C}.Debug|x86.ActiveCfg = Debug|Any CPU
		{7DB6D8C1-5EDE-4EF1-953B-515C26164F9C}.Debug|x86.Build.0 = Debug|Any CPU
		{7DB6D8C1-5EDE-4EF1-953B-515C26164F9C}.Release|Any CPU.ActiveCfg = Release|Any CPU
		{7DB6D8C1-5EDE-4EF1-953B-515C26164F9C}.Release|Any CPU.Build.0 = Release|Any CPU
		{7DB6D8C1-5EDE-4EF1-953B-515C26164F9C}.Release|x64.ActiveCfg = Release|Any CPU
		{7DB6D8C1-5EDE-4EF1-953B-515C26164F9C}.Release|x64.Build.0 = Release|Any CPU
		{7DB6D8C1-5EDE-4EF1-953B-515C26164F9C}.Release|x86.ActiveCfg = Release|Any CPU
		{7DB6D8C1-5EDE-4EF1-953B-515C26164F9C}.Release|x86.Build.0 = Release|Any CPU
		{8DC14D04-F8D0-41CB-8964-B75257CEFE68}.Debug|Any CPU.ActiveCfg = Debug|Any CPU
		{8DC14D04-F8D0-41CB-8964-B75257CEFE68}.Debug|Any CPU.Build.0 = Debug|Any CPU
		{8DC14D04-F8D0-41CB-8964-B75257CEFE68}.Debug|x64.ActiveCfg = Debug|Any CPU
		{8DC14D04-F8D0-41CB-8964-B75257CEFE68}.Debug|x64.Build.0 = Debug|Any CPU
		{8DC14D04-F8D0-41CB-8964-B75257CEFE68}.Debug|x86.ActiveCfg = Debug|Any CPU
		{8DC14D04-F8D0-41CB-8964-B75257CEFE68}.Debug|x86.Build.0 = Debug|Any CPU
		{8DC14D04-F8D0-41CB-8964-B75257CEFE68}.Release|Any CPU.ActiveCfg = Release|Any CPU
		{8DC14D04-F8D0-41CB-8964-B75257CEFE68}.Release|Any CPU.Build.0 = Release|Any CPU
		{8DC14D04-F8D0-41CB-8964-B75257CEFE68}.Release|x64.ActiveCfg = Release|Any CPU
		{8DC14D04-F8D0-41CB-8964-B75257CEFE68}.Release|x64.Build.0 = Release|Any CPU
		{8DC14D04-F8D0-41CB-8964-B75257CEFE68}.Release|x86.ActiveCfg = Release|Any CPU
		{8DC14D04-F8D0-41CB-8964-B75257CEFE68}.Release|x86.Build.0 = Release|Any CPU
		{5CA1F284-5C44-44DF-B5EB-3008A4CBD52F}.Debug|Any CPU.ActiveCfg = Debug|Any CPU
		{5CA1F284-5C44-44DF-B5EB-3008A4CBD52F}.Debug|Any CPU.Build.0 = Debug|Any CPU
		{5CA1F284-5C44-44DF-B5EB-3008A4CBD52F}.Debug|x64.ActiveCfg = Debug|Any CPU
		{5CA1F284-5C44-44DF-B5EB-3008A4CBD52F}.Debug|x64.Build.0 = Debug|Any CPU
		{5CA1F284-5C44-44DF-B5EB-3008A4CBD52F}.Debug|x86.ActiveCfg = Debug|Any CPU
		{5CA1F284-5C44-44DF-B5EB-3008A4CBD52F}.Debug|x86.Build.0 = Debug|Any CPU
		{5CA1F284-5C44-44DF-B5EB-3008A4CBD52F}.Release|Any CPU.ActiveCfg = Release|Any CPU
		{5CA1F284-5C44-44DF-B5EB-3008A4CBD52F}.Release|Any CPU.Build.0 = Release|Any CPU
		{5CA1F284-5C44-44DF-B5EB-3008A4CBD52F}.Release|x64.ActiveCfg = Release|Any CPU
		{5CA1F284-5C44-44DF-B5EB-3008A4CBD52F}.Release|x64.Build.0 = Release|Any CPU
		{5CA1F284-5C44-44DF-B5EB-3008A4CBD52F}.Release|x86.ActiveCfg = Release|Any CPU
		{5CA1F284-5C44-44DF-B5EB-3008A4CBD52F}.Release|x86.Build.0 = Release|Any CPU
	EndGlobalSection
	GlobalSection(SolutionProperties) = preSolution
		HideSolutionNode = FALSE
	EndGlobalSection
	GlobalSection(NestedProjects) = preSolution
		{EE2805E2-3F09-4520-A146-499B4B3482CD} = {827E0CD3-B72D-47B6-A68D-7590B98EB39B}
		{787F57FC-2287-485D-9288-D2623F112A48} = {827E0CD3-B72D-47B6-A68D-7590B98EB39B}
		{FF9EB18C-4212-4458-A562-115B03D081F2} = {827E0CD3-B72D-47B6-A68D-7590B98EB39B}
		{7B8BB45D-B353-49E9-8849-8AFD78D6402E} = {5D20AA90-6969-D8BD-9DCD-8634F4692FDA}
		{F1BF8A36-9339-43DC-B7AC-73A717508687} = {827E0CD3-B72D-47B6-A68D-7590B98EB39B}
		{E89FC07E-1BF0-4210-873E-D6C7F893CFA0} = {827E0CD3-B72D-47B6-A68D-7590B98EB39B}
		{B7C8DB9F-32F0-47B2-BC95-B3B2C840AC78} = {827E0CD3-B72D-47B6-A68D-7590B98EB39B}
		{25F5CE68-A484-4392-9C7C-313A80EF83A6} = {827E0CD3-B72D-47B6-A68D-7590B98EB39B}
		{4A9A06CD-8B4B-48A5-9949-484C432FB373} = {827E0CD3-B72D-47B6-A68D-7590B98EB39B}
		{5F699682-1787-4E3D-AB7D-118FAEB67922} = {5D20AA90-6969-D8BD-9DCD-8634F4692FDA}
		{286CBCE8-1F51-4DFD-8398-09D82C34C442} = {827E0CD3-B72D-47B6-A68D-7590B98EB39B}
		{D594EC21-8AE7-4589-831F-53CB8783FC4D} = {5D20AA90-6969-D8BD-9DCD-8634F4692FDA}
		{A0DB7764-85DE-4CDE-9E41-C6688FBD2565} = {827E0CD3-B72D-47B6-A68D-7590B98EB39B}
		{11DB94EE-BC53-47E8-B32A-8A402DDFEA38} = {827E0CD3-B72D-47B6-A68D-7590B98EB39B}
		{C76F5EA3-FD1C-4F5B-8E46-A5AEFC3417E0} = {5D20AA90-6969-D8BD-9DCD-8634F4692FDA}
		{2CEFB9CA-306F-4DE7-B5CB-CD068977B4B9} = {5D20AA90-6969-D8BD-9DCD-8634F4692FDA}
		{523946F8-241E-4DF6-92A3-875B1DDCDF39} = {5D20AA90-6969-D8BD-9DCD-8634F4692FDA}
		{1BBDF3C1-F4FF-404E-A5A9-6E3A743280BF} = {827E0CD3-B72D-47B6-A68D-7590B98EB39B}
		{7DB6D8C1-5EDE-4EF1-953B-515C26164F9C} = {5D20AA90-6969-D8BD-9DCD-8634F4692FDA}
		{8DC14D04-F8D0-41CB-8964-B75257CEFE68} = {827E0CD3-B72D-47B6-A68D-7590B98EB39B}
		{5CA1F284-5C44-44DF-B5EB-3008A4CBD52F} = {5D20AA90-6969-D8BD-9DCD-8634F4692FDA}
	EndGlobalSection
EndGlobal
